
Microsoft Visual Studio Solution File, Format Version 12.00
# Visual Studio 14
VisualStudioVersion = 14.0.25420.1
MinimumVisualStudioVersion = 10.0.40219.1
Project("{FAE04EC0-301F-11D3-BF4B-00C04F79EFBC}") = "Tetris", "Tetris.csproj", "{F3A8E3FD-98DF-47D3-9008-0F4E515CE260}"
EndProject
Project("{FAE04EC0-301F-11D3-BF4B-00C04F79EFBC}") = "TetrisTests", "..\Tests\TetrisTests.csproj", "{3E362B93-E11A-440B-9371-429AF5868FD3}"
EndProject
Global
	GlobalSection(SolutionConfigurationPlatforms) = preSolution
		Debug|Any CPU = Debug|Any CPU
		Release|Any CPU = Release|Any CPU
	EndGlobalSection
	GlobalSection(ProjectConfigurationPlatforms) = postSolution
		{F3A8E3FD-98DF-47D3-9008-0F4E515CE260}.Debug|Any CPU.ActiveCfg = Debug|Any CPU
		{F3A8E3FD-98DF-47D3-9008-0F4E515CE260}.Debug|Any CPU.Build.0 = Debug|Any CPU
		{F3A8E3FD-98DF-47D3-9008-0F4E515CE260}.Release|Any CPU.ActiveCfg = Release|Any CPU
		{F3A8E3FD-98DF-47D3-9008-0F4E515CE260}.Release|Any CPU.Build.0 = Release|Any CPU
		{3E362B93-E11A-440B-9371-429AF5868FD3}.Debug|Any CPU.ActiveCfg = Debug|Any CPU
		{3E362B93-E11A-440B-9371-429AF5868FD3}.Debug|Any CPU.Build.0 = Debug|Any CPU
		{3E362B93-E11A-440B-9371-429AF5868FD3}.Release|Any CPU.ActiveCfg = Release|Any CPU
		{3E362B93-E11A-440B-9371-429AF5868FD3}.Release|Any CPU.Build.0 = Release|Any CPU
	EndGlobalSection
	GlobalSection(SolutionProperties) = preSolution
		HideSolutionNode = FALSE
	EndGlobalSection
EndGlobal
